Microsoft Visual Studio Solution File, Format Version 12.00
# Visual Studio 14
VisualStudioVersion = 14.0.25420.1
MinimumVisualStudioVersion = 10.0.40219.1
Project("{8BC9CEB8-8B4A-11D0-8D11-00A0C91BC942}") = "common", "common\common.vcxproj", "{0003D8DC-216E-3A5F-A922-B58F38975801}"
EndProject
Project("{8BC9CEB8-8B4A-11D0-8D11-00A0C91BC942}") = "meshlab", "meshlab\meshlab.vcxproj", "{06DA9137-BB97-3CDE-B6E9-A4F6C5C3EC48}"
	ProjectSection(ProjectDependencies) = postProject
		{0003D8DC-216E-3A5F-A922-B58F38975801} = {0003D8DC-216E-3A5F-A922-B58F38975801}
	EndProjectSection
EndProject
Project("{8BC9CEB8-8B4A-11D0-8D11-00A0C91BC942}") = "meshlabserver", "meshlabserver\meshlabserver.vcxproj", "{093555D9-248A-3BA2-8114-989C54837D19}"
	ProjectSection(ProjectDependencies) = postProject
		{0003D8DC-216E-3A5F-A922-B58F38975801} = {0003D8DC-216E-3A5F-A922-B58F38975801}
	EndProjectSection
EndProject
Project("{8BC9CEB8-8B4A-11D0-8D11-00A0C91BC942}") = "io_base", "meshlabplugins\io_base\io_base.vcxproj", "{6626A7F3-8CF8-324F-ABB9-B70FB0FED5A0}"
	ProjectSection(ProjectDependencies) = postProject
		{0003D8DC-216E-3A5F-A922-B58F38975801} = {0003D8DC-216E-3A5F-A922-B58F38975801}
	EndProjectSection
EndProject
Project("{8BC9CEB8-8B4A-11D0-8D11-00A0C91BC942}") = "io_bre", "plugins_unsupported\io_bre\io_bre.vcxproj", "{75D66719-35C0-335D-94B7-50F3995435FE}"
	ProjectSection(ProjectDependencies) = postProject
		{0003D8DC-216E-3A5F-A922-B58F38975801} = {0003D8DC-216E-3A5F-A922-B58F38975801}
	EndProjectSection
EndProject
Project("{8BC9CEB8-8B4A-11D0-8D11-00A0C91BC942}") = "io_3ds", "meshlabplugins\io_3ds\io_3ds.vcxproj", "{80E3128A-D103-3A92-911F-F24C761BD24B}"
	ProjectSection(ProjectDependencies) = postProject
		{0003D8DC-216E-3A5F-A922-B58F38975801} = {0003D8DC-216E-3A5F-A922-B58F38975801}
	EndProjectSection
EndProject
Project("{8BC9CEB8-8B4A-11D0-8D11-00A0C91BC942}") = "io_collada", "meshlabplugins\io_collada\io_collada.vcxproj", "{236C32C3-9D53-3651-A040-79B27CD35E86}"
	ProjectSection(ProjectDependencies) = postProject
		{0003D8DC-216E-3A5F-A922-B58F38975801} = {0003D8DC-216E-3A5F-A922-B58F38975801}
	EndProjectSection
EndProject
Project("{8BC9CEB8-8B4A-11D0-8D11-00A0C91BC942}") = "io_ctm", "meshlabplugins\io_ctm\io_ctm.vcxproj", "{023C058C-74C5-3C37-BE28-C23B5C35C38B}"
	ProjectSection(ProjectDependencies) = postProject
		{0003D8DC-216E-3A5F-A922-B58F38975801} = {0003D8DC-216E-3A5F-A922-B58F38975801}
	EndProjectSection
EndProject
Project("{8BC9CEB8-8B4A-11D0-8D11-00A0C91BC942}") = "io_json", "meshlabplugins\io_json\io_json.vcxproj", "{EDD4A6FE-2901-370B-BABA-92533D813778}"
	ProjectSection(ProjectDependencies) = postProject
		{0003D8DC-216E-3A5F-A922-B58F38975801} = {0003D8DC-216E-3A5F-A922-B58F38975801}
	EndProjectSection
EndProject
Project("{8BC9CEB8-8B4A-11D0-8D11-00A0C91BC942}") = "io_u3d", "meshlabplugins\io_u3d\io_u3d.vcxproj", "{5C160BBD-3848-3DAE-8AF2-35B45B4C33BA}"
	ProjectSection(ProjectDependencies) = postProject
		{0003D8DC-216E-3A5F-A922-B58F38975801} = {0003D8DC-216E-3A5F-A922-B58F38975801}
	EndProjectSection
EndProject
Project("{8BC9CEB8-8B4A-11D0-8D11-00A0C91BC942}") = "io_tri", "meshlabplugins\io_tri\io_tri.vcxproj", "{C7985DBE-7CA1-3AD7-BE03-F4D59BADD4B3}"
	ProjectSection(ProjectDependencies) = postProject
		{0003D8DC-216E-3A5F-A922-B58F38975801} = {0003D8DC-216E-3A5F-A922-B58F38975801}
	EndProjectSection
EndProject
Project("{8BC9CEB8-8B4A-11D0-8D11-00A0C91BC942}") = "io_x3d", "meshlabplugins\io_x3d\io_x3d.vcxproj", "{0A35FF0B-E0CB-3EB5-B8C6-D821F074B8A4}"
	ProjectSection(ProjectDependencies) = postProject
		{0003D8DC-216E-3A5F-A922-B58F38975801} = {0003D8DC-216E-3A5F-A922-B58F38975801}
	EndProjectSection
EndProject
Project("{8BC9CEB8-8B4A-11D0-8D11-00A0C91BC942}") = "io_expe", "meshlabplugins\io_expe\io_expe.vcxproj", "{23D5E88C-1C23-3BA0-A290-043DA71CA60E}"
	ProjectSection(ProjectDependencies) = postProject
		{0003D8DC-216E-3A5F-A922-B58F38975801} = {0003D8DC-216E-3A5F-A922-B58F38975801}
	EndProjectSection
EndProject
Project("{8BC9CEB8-8B4A-11D0-8D11-00A0C91BC942}") = "io_pdb", "meshlabplugins\io_pdb\io_pdb.vcxproj", "{CAFCB711-9BA7-3E0E-9E44-FA53E00D5D9C}"
	ProjectSection(ProjectDependencies) = postProject
		{0003D8DC-216E-3A5F-A922-B58F38975801} = {0003D8DC-216E-3A5F-A922-B58F38975801}
	EndProjectSection
EndProject
Project("{8BC9CEB8-8B4A-11D0-8D11-00A0C91BC942}") = "io_txt", "plugins_experimental\io_TXT\io_txt.vcxproj", "{975A9550-AE8A-39D6-905D-366D131C9569}"
	ProjectSection(ProjectDependencies) = postProject
		{0003D8DC-216E-3A5F-A922-B58F38975801} = {0003D8DC-216E-3A5F-A922-B58F38975801}
	EndProjectSection
EndProject
Project("{8BC9CEB8-8B4A-11D0-8D11-00A0C91BC942}") = "filter_aging", "meshlabplugins\filter_aging\filter_aging.vcxproj", "{FB7DD331-DF26-3124-AE48-4E4638718A64}"
	ProjectSection(ProjectDependencies) = postProject
		{0003D8DC-216E-3A5F-A922-B58F38975801} = {0003D8DC-216E-3A5F-A922-B58F38975801}
	EndProjectSection
EndProject
Project("{8BC9CEB8-8B4A-11D0-8D11-00A0C91BC942}") = "filter_ao", "meshlabplugins\filter_ao\filter_ao.vcxproj", "{0CF02330-148C-30A6-B029-CADF4C2645B5}"
	ProjectSection(ProjectDependencies) = postProject
		{0003D8DC-216E-3A5F-A922-B58F38975801} = {0003D8DC-216E-3A5F-A922-B58F38975801}
	EndProjectSection
EndProject
Project("{8BC9CEB8-8B4A-11D0-8D11-00A0C91BC942}") = "filter_camera", "meshlabplugins\filter_camera\filter_camera.vcxproj", "{9BF95EEF-04A4-3241-AC86-D56A48EA7BB9}"
	ProjectSection(ProjectDependencies) = postProject
		{0003D8DC-216E-3A5F-A922-B58F38975801} = {0003D8DC-216E-3A5F-A922-B58F38975801}
	EndProjectSection
EndProject
Project("{8BC9CEB8-8B4A-11D0-8D11-00A0C91BC942}") = "filter_bnpts", "meshlabplugins\filter_bnpts\filter_bnpts.vcxproj", "{8960C527-AADA-32A7-96AA-23013EBCA3F4}"
	ProjectSection(ProjectDependencies) = postProject
		{0003D8DC-216E-3A5F-A922-B58F38975801} = {0003D8DC-216E-3A5F-A922-B58F38975801}
	EndProjectSection
EndProject
Project("{8BC9CEB8-8B4A-11D0-8D11-00A0C91BC942}") = "filter_clean", "meshlabplugins\filter_clean\filter_clean.vcxproj", "{EAC27D6C-1CCF-3036-9874-48B8156CEB11}"
	ProjectSection(ProjectDependencies) = postProject
		{0003D8DC-216E-3A5F-A922-B58F38975801} = {0003D8DC-216E-3A5F-A922-B58F38975801}
	EndProjectSection
EndProject
Project("{8BC9CEB8-8B4A-11D0-8D11-00A0C91BC942}") = "filter_colorize", "meshlabplugins\filter_colorize\filter_colorize.vcxproj", "{C46FEF85-FC8E-375D-9331-118D2051C316}"
	ProjectSection(ProjectDependencies) = postProject
		{0003D8DC-216E-3A5F-A922-B58F38975801} = {0003D8DC-216E-3A5F-A922-B58F38975801}
	EndProjectSection
EndProject
Project("{8BC9CEB8-8B4A-11D0-8D11-00A0C91BC942}") = "filter_colorproc", "meshlabplugins\filter_colorproc\filter_colorproc.vcxproj", "{4D88FF8E-24CA-38F0-BCBC-B328EFD9D49B}"
	ProjectSection(ProjectDependencies) = postProject
		{0003D8DC-216E-3A5F-A922-B58F38975801} = {0003D8DC-216E-3A5F-A922-B58F38975801}
	EndProjectSection
EndProject
Project("{8BC9CEB8-8B4A-11D0-8D11-00A0C91BC942}") = "filter_color_projection", "meshlabplugins\filter_color_projection\filter_color_projection.vcxproj", "{C8AC17D9-A555-3BE5-9BB8-2606C05143EC}"
	ProjectSection(ProjectDependencies) = postProject
		{0003D8DC-216E-3A5F-A922-B58F38975801} = {0003D8DC-216E-3A5F-A922-B58F38975801}
	EndProjectSection
EndProject
Project("{8BC9CEB8-8B4A-11D0-8D11-00A0C91BC942}") = "filter_create", "meshlabplugins\filter_create\filter_create.vcxproj", "{F5A2902A-20AB-3BCD-A85A-0ADBB90E89B3}"
	ProjectSection(ProjectDependencies) = postProject
		{0003D8DC-216E-3A5F-A922-B58F38975801} = {0003D8DC-216E-3A5F-A922-B58F38975801}
	EndProjectSection
EndProject
Project("{8BC9CEB8-8B4A-11D0-8D11-00A0C91BC942}") = "filter_createiso", "sampleplugins\filter_createiso\filter_createiso.vcxproj", "{093C7294-32F7-3DCA-B7EF-0D0E4CDD5BB6}"
	ProjectSection(ProjectDependencies) = postProject
		{0003D8DC-216E-3A5F-A922-B58F38975801} = {0003D8DC-216E-3A5F-A922-B58F38975801}
	EndProjectSection
EndProject
Project("{8BC9CEB8-8B4A-11D0-8D11-00A0C91BC942}") = "filter_csg", "meshlabplugins\filter_csg\filter_csg.vcxproj", "{977C4080-30D6-3A29-B4CE-15CD29ED3F33}"
	ProjectSection(ProjectDependencies) = postProject
		{0003D8DC-216E-3A5F-A922-B58F38975801} = {0003D8DC-216E-3A5F-A922-B58F38975801}
	EndProjectSection
EndProject
Project("{8BC9CEB8-8B4A-11D0-8D11-00A0C91BC942}") = "filter_dirt", "meshlabplugins\filter_dirt\filter_dirt.vcxproj", "{63D73B09-2BCE-3C1B-ADE5-AAD7FBDE5A95}"
	ProjectSection(ProjectDependencies) = postProject
		{0003D8DC-216E-3A5F-A922-B58F38975801} = {0003D8DC-216E-3A5F-A922-B58F38975801}
	EndProjectSection
EndProject
Project("{8BC9CEB8-8B4A-11D0-8D11-00A0C91BC942}") = "filter_fractal", "meshlabplugins\filter_fractal\filter_fractal.vcxproj", "{612FD1C3-26CB-341A-8432-80EB1BE417AF}"
	ProjectSection(ProjectDependencies) = postProject
		{0003D8DC-216E-3A5F-A922-B58F38975801} = {0003D8DC-216E-3A5F-A922-B58F38975801}
	EndProjectSection
EndProject
Project("{8BC9CEB8-8B4A-11D0-8D11-00A0C91BC942}") = "filter_func", "meshlabplugins\filter_func\filter_func.vcxproj", "{2A6F6000-0D7F-3958-892D-91D25E8B9A7F}"
	ProjectSection(ProjectDependencies) = postProject
		{0003D8DC-216E-3A5F-A922-B58F38975801} = {0003D8DC-216E-3A5F-A922-B58F38975801}
	EndProjectSection
EndProject
Project("{8BC9CEB8-8B4A-11D0-8D11-00A0C91BC942}") = "filter_geodesic", "sampleplugins\filter_geodesic\filter_geodesic.vcxproj", "{205172A7-342D-3C64-963C-FAC30139A240}"
	ProjectSection(ProjectDependencies) = postProject
		{0003D8DC-216E-3A5F-A922-B58F38975801} = {0003D8DC-216E-3A5F-A922-B58F38975801}
	EndProjectSection
EndProject
Project("{8BC9CEB8-8B4A-11D0-8D11-00A0C91BC942}") = "filter_img_patch_param", "meshlabplugins\filter_img_patch_param\filter_img_patch_param.vcxproj", "{52EF335A-767B-3F92-905B-2447973514A7}"
	ProjectSection(ProjectDependencies) = postProject
		{0003D8DC-216E-3A5F-A922-B58F38975801} = {0003D8DC-216E-3A5F-A922-B58F38975801}
	EndProjectSection
EndProject
Project("{8BC9CEB8-8B4A-11D0-8D11-00A0C91BC942}") = "filter_isoparametrization", "meshlabplugins\filter_isoparametrization\filter_isoparametrization.vcxproj", "{0E4208EE-44F1-3D3C-8A97-3426E7B9A250}"
	ProjectSection(ProjectDependencies) = postProject
		{0003D8DC-216E-3A5F-A922-B58F38975801} = {0003D8DC-216E-3A5F-A922-B58F38975801}
	EndProjectSection
EndProject
Project("{8BC9CEB8-8B4A-11D0-8D11-00A0C91BC942}") = "filter_layer", "meshlabplugins\filter_layer\filter_layer.vcxproj", "{CA08B675-A363-3489-A72A-C2EBF061EEB9}"
	ProjectSection(ProjectDependencies) = postProject
		{0003D8DC-216E-3A5F-A922-B58F38975801} = {0003D8DC-216E-3A5F-A922-B58F38975801}
	EndProjectSection
EndProject
Project("{8BC9CEB8-8B4A-11D0-8D11-00A0C91BC942}") = "filter_measure", "meshlabplugins\filter_measure\filter_measure.vcxproj", "{46FB10C5-58AD-3301-A0F0-5A4A77B0B6B7}"
	ProjectSection(ProjectDependencies) = postProject
		{0003D8DC-216E-3A5F-A922-B58F38975801} = {0003D8DC-216E-3A5F-A922-B58F38975801}
	EndProjectSection
EndProject
Project("{8BC9CEB8-8B4A-11D0-8D11-00A0C91BC942}") = "filter_meshing", "meshlabplugins\filter_meshing\filter_meshing.vcxproj", "{85073012-89FE-36BA-A180-A1FC7DF7F9B4}"
	ProjectSection(ProjectDependencies) = postProject
		{0003D8DC-216E-3A5F-A922-B58F38975801} = {0003D8DC-216E-3A5F-A922-B58F38975801}
	EndProjectSection
EndProject
Project("{8BC9CEB8-8B4A-11D0-8D11-00A0C91BC942}") = "filter_mutualglobal", "plugins_experimental\filter_mutualglobal\filter_mutualglobal.vcxproj", "{26D4F746-DD90-3E4B-B13D-A5EA6A630AEB}"
	ProjectSection(ProjectDependencies) = postProject
		{0003D8DC-216E-3A5F-A922-B58F38975801} = {0003D8DC-216E-3A5F-A922-B58F38975801}
	EndProjectSection
EndProject
Project("{8BC9CEB8-8B4A-11D0-8D11-00A0C91BC942}") = "filter_mutualinfo", "meshlabplugins\filter_mutualinfoxml\filter_mutualinfo.vcxproj", "{833B3783-67EA-32C4-B169-FE2D89CF8FA9}"
	ProjectSection(ProjectDependencies) = postProject
		{0003D8DC-216E-3A5F-A922-B58F38975801} = {0003D8DC-216E-3A5F-A922-B58F38975801}
	EndProjectSection
EndProject
Project("{8BC9CEB8-8B4A-11D0-8D11-00A0C91BC942}") = "filter_mls", "meshlabplugins\filter_mls\filter_mls.vcxproj", "{49D7E4B0-1E9C-3A82-BBC9-5CF640F4E0C2}"
	ProjectSection(ProjectDependencies) = postProject
		{0003D8DC-216E-3A5F-A922-B58F38975801} = {0003D8DC-216E-3A5F-A922-B58F38975801}
	EndProjectSection
EndProject
Project("{8BC9CEB8-8B4A-11D0-8D11-00A0C91BC942}") = "filter_photosynth", "meshlabplugins\filter_photosynth\filter_photosynth.vcxproj", "{64D3A6F6-6196-32E8-B952-BDFFC2E12706}"
	ProjectSection(ProjectDependencies) = postProject
		{0003D8DC-216E-3A5F-A922-B58F38975801} = {0003D8DC-216E-3A5F-A922-B58F38975801}
	EndProjectSection
EndProject
Project("{8BC9CEB8-8B4A-11D0-8D11-00A0C91BC942}") = "filter_plymc", "meshlabplugins\filter_plymc\filter_plymc.vcxproj", "{77F382C7-0212-3ED8-AAEA-83E3FC6C9C02}"
	ProjectSection(ProjectDependencies) = postProject
		{0003D8DC-216E-3A5F-A922-B58F38975801} = {0003D8DC-216E-3A5F-A922-B58F38975801}
	EndProjectSection
EndProject
Project("{8BC9CEB8-8B4A-11D0-8D11-00A0C91BC942}") = "filter_screened_poisson", "meshlabplugins\filter_screened_poisson\filter_screened_poisson.vcxproj", "{4D11C1AE-BCCD-3DAA-BE31-022171B3F71B}"
	ProjectSection(ProjectDependencies) = postProject
		{0003D8DC-216E-3A5F-A922-B58F38975801} = {0003D8DC-216E-3A5F-A922-B58F38975801}
	EndProjectSection
EndProject
Project("{8BC9CEB8-8B4A-11D0-8D11-00A0C91BC942}") = "filter_qhull", "meshlabplugins\filter_qhull\filter_qhull.vcxproj", "{D3499EBA-5E51-30FE-93CB-5E55924D0459}"
	ProjectSection(ProjectDependencies) = postProject
		{0003D8DC-216E-3A5F-A922-B58F38975801} = {0003D8DC-216E-3A5F-A922-B58F38975801}
	EndProjectSection
EndProject
Project("{8BC9CEB8-8B4A-11D0-8D11-00A0C91BC942}") = "filter_quality", "meshlabplugins\filter_quality\filter_quality.vcxproj", "{D23AD2B2-E8FE-3710-A4DE-D1C1BE942E8D}"
	ProjectSection(ProjectDependencies) = postProject
		{0003D8DC-216E-3A5F-A922-B58F38975801} = {0003D8DC-216E-3A5F-A922-B58F38975801}
	EndProjectSection
EndProject
Project("{8BC9CEB8-8B4A-11D0-8D11-00A0C91BC942}") = "filter_sampling", "meshlabplugins\filter_sampling\filter_sampling.vcxproj", "{9E058FFF-1E73-350D-9616-D423CFE34CC7}"
	ProjectSection(ProjectDependencies) = postProject
		{0003D8DC-216E-3A5F-A922-B58F38975801} = {0003D8DC-216E-3A5F-A922-B58F38975801}
	EndProjectSection
EndProject
Project("{8BC9CEB8-8B4A-11D0-8D11-00A0C91BC942}") = "filter_sdfgpu", "meshlabplugins\filter_sdfgpu\filter_sdfgpu.vcxproj", "{A189ABD3-0077-3CF6-ACEC-6A4D5D95D72E}"
	ProjectSection(ProjectDependencies) = postProject
		{0003D8DC-216E-3A5F-A922-B58F38975801} = {0003D8DC-216E-3A5F-A922-B58F38975801}
	EndProjectSection
EndProject
Project("{8BC9CEB8-8B4A-11D0-8D11-00A0C91BC942}") = "filter_select", "meshlabplugins\filter_select\filter_select.vcxproj", "{F335F685-B4C2-3350-8C58-49AAD2B1E1B8}"
	ProjectSection(ProjectDependencies) = postProject
		{0003D8DC-216E-3A5F-A922-B58F38975801} = {0003D8DC-216E-3A5F-A922-B58F38975801}
	EndProjectSection
EndProject
Project("{8BC9CEB8-8B4A-11D0-8D11-00A0C91BC942}") = "filter_sketchfab", "plugins_experimental\filter_sketchfab\filter_sketchfab.vcxproj", "{418ADBCB-EB88-353B-9AEA-BF71E19C7DAF}"
	ProjectSection(ProjectDependencies) = postProject
		{0003D8DC-216E-3A5F-A922-B58F38975801} = {0003D8DC-216E-3A5F-A922-B58F38975801}
	EndProjectSection
EndProject
Project("{8BC9CEB8-8B4A-11D0-8D11-00A0C91BC942}") = "filter_ssynth", "meshlabplugins\filter_ssynth\filter_ssynth.vcxproj", "{E8C40944-54FD-37FC-BC2D-9584429B3DC0}"
	ProjectSection(ProjectDependencies) = postProject
		{0003D8DC-216E-3A5F-A922-B58F38975801} = {0003D8DC-216E-3A5F-A922-B58F38975801}
	EndProjectSection
EndProject
Project("{8BC9CEB8-8B4A-11D0-8D11-00A0C91BC942}") = "filter_texture", "meshlabplugins\filter_texture\filter_texture.vcxproj", "{805840ED-880B-3E6E-B284-09EF12D5C3FA}"
	ProjectSection(ProjectDependencies) = postProject
		{0003D8DC-216E-3A5F-A922-B58F38975801} = {0003D8DC-216E-3A5F-A922-B58F38975801}
	EndProjectSection
EndProject
Project("{8BC9CEB8-8B4A-11D0-8D11-00A0C91BC942}") = "filter_trioptimize", "meshlabplugins\filter_trioptimize\filter_trioptimize.vcxproj", "{1B89578C-C052-34AA-BAC9-EFFA3E7B0A1A}"
	ProjectSection(ProjectDependencies) = postProject
		{0003D8DC-216E-3A5F-A922-B58F38975801} = {0003D8DC-216E-3A5F-A922-B58F38975801}
	EndProjectSection
EndProject
Project("{8BC9CEB8-8B4A-11D0-8D11-00A0C91BC942}") = "filter_unsharp", "meshlabplugins\filter_unsharp\filter_unsharp.vcxproj", "{76875BC3-C25F-3AEB-8896-39FB8F6E2F23}"
	ProjectSection(ProjectDependencies) = postProject
		{0003D8DC-216E-3A5F-A922-B58F38975801} = {0003D8DC-216E-3A5F-A922-B58F38975801}
	EndProjectSection
EndProject
Project("{8BC9CEB8-8B4A-11D0-8D11-00A0C91BC942}") = "render_gdp", "meshlabplugins\render_gdp\render_gdp.vcxproj", "{40B53F16-740C-3645-9DFF-7AE40067DD44}"
	ProjectSection(ProjectDependencies) = postProject
		{0003D8DC-216E-3A5F-A922-B58F38975801} = {0003D8DC-216E-3A5F-A922-B58F38975801}
	EndProjectSection
EndProject
Project("{8BC9CEB8-8B4A-11D0-8D11-00A0C91BC942}") = "render_radiance_scaling", "meshlabplugins\render_radiance_scaling\render_radiance_scaling.vcxproj", "{E3569F57-317B-3850-9B3F-BE2E76694F92}"
	ProjectSection(ProjectDependencies) = postProject
		{0003D8DC-216E-3A5F-A922-B58F38975801} = {0003D8DC-216E-3A5F-A922-B58F38975801}
	EndProjectSection
EndProject
Project("{8BC9CEB8-8B4A-11D0-8D11-00A0C91BC942}") = "decorate_base", "meshlabplugins\decorate_base\decorate_base.vcxproj", "{97DACCD9-3A28-337A-B138-AD75DDE0A3A4}"
	ProjectSection(ProjectDependencies) = postProject
		{0003D8DC-216E-3A5F-A922-B58F38975801} = {0003D8DC-216E-3A5F-A922-B58F38975801}
	EndProjectSection
EndProject
Project("{8BC9CEB8-8B4A-11D0-8D11-00A0C91BC942}") = "decorate_background", "meshlabplugins\decorate_background\decorate_background.vcxproj", "{3AC29D00-E914-34B0-B30F-2EF2BFF8C260}"
	ProjectSection(ProjectDependencies) = postProject
		{0003D8DC-216E-3A5F-A922-B58F38975801} = {0003D8DC-216E-3A5F-A922-B58F38975801}
	EndProjectSection
EndProject
Project("{8BC9CEB8-8B4A-11D0-8D11-00A0C91BC942}") = "decorate_shadow", "meshlabplugins\decorate_shadow\decorate_shadow.vcxproj", "{066DE742-438E-31BF-9780-F458B9ADDCD2}"
	ProjectSection(ProjectDependencies) = postProject
		{0003D8DC-216E-3A5F-A922-B58F38975801} = {0003D8DC-216E-3A5F-A922-B58F38975801}
	EndProjectSection
EndProject
Project("{8BC9CEB8-8B4A-11D0-8D11-00A0C91BC942}") = "decorate_raster_proj", "meshlabplugins\decorate_raster_proj\decorate_raster_proj.vcxproj", "{35C5B7D9-BAAA-36E9-8115-25AF64D4F35B}"
	ProjectSection(ProjectDependencies) = postProject
		{0003D8DC-216E-3A5F-A922-B58F38975801} = {0003D8DC-216E-3A5F-A922-B58F38975801}
	EndProjectSection
EndProject
Project("{8BC9CEB8-8B4A-11D0-8D11-00A0C91BC942}") = "edit_align", "meshlabplugins\edit_align\edit_align.vcxproj", "{0EE63419-28EA-3288-9C88-984A0EEF9705}"
	ProjectSection(ProjectDependencies) = postProject
		{0003D8DC-216E-3A5F-A922-B58F38975801} = {0003D8DC-216E-3A5F-A922-B58F38975801}
	EndProjectSection
EndProject
Project("{8BC9CEB8-8B4A-11D0-8D11-00A0C91BC942}") = "edit_arc3D", "meshlabplugins\edit_arc3D\edit_arc3D.vcxproj", "{FF90E7BE-3257-3CAF-8F88-6E6C167EFB9A}"
	ProjectSection(ProjectDependencies) = postProject
		{0003D8DC-216E-3A5F-A922-B58F38975801} = {0003D8DC-216E-3A5F-A922-B58F38975801}
	EndProjectSection
EndProject
Project("{8BC9CEB8-8B4A-11D0-8D11-00A0C91BC942}") = "edit_manipulators", "meshlabplugins\edit_manipulators\edit_manipulators.vcxproj", "{FA4CF6F2-375D-3B65-B038-1DDB00E328DD}"
	ProjectSection(ProjectDependencies) = postProject
		{0003D8DC-216E-3A5F-A922-B58F38975801} = {0003D8DC-216E-3A5F-A922-B58F38975801}
	EndProjectSection
EndProject
Project("{8BC9CEB8-8B4A-11D0-8D11-00A0C91BC942}") = "edit_measure", "meshlabplugins\edit_measure\edit_measure.vcxproj", "{A124BF2F-860F-3A14-A0AA-FC3580C2CC3F}"
	ProjectSection(ProjectDependencies) = postProject
		{0003D8DC-216E-3A5F-A922-B58F38975801} = {0003D8DC-216E-3A5F-A922-B58F38975801}
	EndProjectSection
EndProject
Project("{8BC9CEB8-8B4A-11D0-8D11-00A0C91BC942}") = "edit_mutualcorrs", "plugins_experimental\edit_mutualcorrs\edit_mutualcorrs.vcxproj", "{48D1472B-40B1-300F-B589-57103C062A88}"
	ProjectSection(ProjectDependencies) = postProject
		{0003D8DC-216E-3A5F-A922-B58F38975801} = {0003D8DC-216E-3A5F-A922-B58F38975801}
	EndProjectSection
EndProject
Project("{8BC9CEB8-8B4A-11D0-8D11-00A0C91BC942}") = "edit_paint", "meshlabplugins\edit_paint\edit_paint.vcxproj", "{75DC0D15-6091-3FFB-98C8-7D36F4471F12}"
	ProjectSection(ProjectDependencies) = postProject
		{0003D8DC-216E-3A5F-A922-B58F38975801} = {0003D8DC-216E-3A5F-A922-B58F38975801}
	EndProjectSection
EndProject
Project("{8BC9CEB8-8B4A-11D0-8D11-00A0C91BC942}") = "edit_pickpoints", "meshlabplugins\edit_pickpoints\edit_pickpoints.vcxproj", "{40C5C0EF-0F64-3661-A41D-4F9BA6A1A463}"
	ProjectSection(ProjectDependencies) = postProject
		{0003D8DC-216E-3A5F-A922-B58F38975801} = {0003D8DC-216E-3A5F-A922-B58F38975801}
	EndProjectSection
EndProject
Project("{8BC9CEB8-8B4A-11D0-8D11-00A0C91BC942}") = "edit_point", "meshlabplugins\edit_point\edit_point.vcxproj", "{8548A20F-EDC5-3D8C-8D21-37655ABC8DDE}"
	ProjectSection(ProjectDependencies) = postProject
		{0003D8DC-216E-3A5F-A922-B58F38975801} = {0003D8DC-216E-3A5F-A922-B58F38975801}
	EndProjectSection
EndProject
Project("{8BC9CEB8-8B4A-11D0-8D11-00A0C91BC942}") = "edit_referencing", "plugins_experimental\edit_referencing\edit_referencing.vcxproj", "{6B6CF237-BF22-3E2A-9212-6977D2DF404E}"
	ProjectSection(ProjectDependencies) = postProject
		{0003D8DC-216E-3A5F-A922-B58F38975801} = {0003D8DC-216E-3A5F-A922-B58F38975801}
	EndProjectSection
EndProject
Project("{8BC9CEB8-8B4A-11D0-8D11-00A0C91BC942}") = "edit_quality", "meshlabplugins\edit_quality\edit_quality.vcxproj", "{4525E3F5-6E4A-3A7A-9F6D-9C6345D534D8}"
	ProjectSection(ProjectDependencies) = postProject
		{0003D8DC-216E-3A5F-A922-B58F38975801} = {0003D8DC-216E-3A5F-A922-B58F38975801}
	EndProjectSection
EndProject
Project("{8BC9CEB8-8B4A-11D0-8D11-00A0C91BC942}") = "edit_select", "meshlabplugins\edit_select\edit_select.vcxproj", "{A1FB1183-5F42-30DC-AE98-7D699306A2BB}"
	ProjectSection(ProjectDependencies) = postProject
		{0003D8DC-216E-3A5F-A922-B58F38975801} = {0003D8DC-216E-3A5F-A922-B58F38975801}
	EndProjectSection
EndProject
Project("{8BC9CEB8-8B4A-11D0-8D11-00A0C91BC942}") = "sampleedit", "sampleplugins\sampleedit\sampleedit.vcxproj", "{CF59FF88-769A-33BE-9E1B-D2AEAA3346F6}"
	ProjectSection(ProjectDependencies) = postProject
		{0003D8DC-216E-3A5F-A922-B58F38975801} = {0003D8DC-216E-3A5F-A922-B58F38975801}
	EndProjectSection
EndProject
Project("{8BC9CEB8-8B4A-11D0-8D11-00A0C91BC942}") = "samplefilter", "sampleplugins\samplefilter\samplefilter.vcxproj", "{10266A9C-1D54-39EC-A11B-4E22FB3AA8C7}"
	ProjectSection(ProjectDependencies) = postProject
		{0003D8DC-216E-3A5F-A922-B58F38975801} = {0003D8DC-216E-3A5F-A922-B58F38975801}
	EndProjectSection
EndProject
Project("{8BC9CEB8-8B4A-11D0-8D11-00A0C91BC942}") = "samplefilterdyn", "sampleplugins\samplefilterdyn\samplefilterdyn.vcxproj", "{C4C4C227-01C3-3402-9EB5-2667F169A2A1}"
	ProjectSection(ProjectDependencies) = postProject
		{0003D8DC-216E-3A5F-A922-B58F38975801} = {0003D8DC-216E-3A5F-A922-B58F38975801}
	EndProjectSection
EndProject
Global
	GlobalSection(SolutionConfigurationPlatforms) = preSolution
		Debug|x64 = Debug|x64
		Release|x64 = Release|x64
	EndGlobalSection
	GlobalSection(ProjectConfigurationPlatforms) = postSolution
		{0003D8DC-216E-3A5F-A922-B58F38975801}.Debug|x64.ActiveCfg = Debug|x64
		{0003D8DC-216E-3A5F-A922-B58F38975801}.Debug|x64.Build.0 = Debug|x64
		{0003D8DC-216E-3A5F-A922-B58F38975801}.Release|x64.ActiveCfg = Release|x64
		{0003D8DC-216E-3A5F-A922-B58F38975801}.Release|x64.Build.0 = Release|x64
		{06DA9137-BB97-3CDE-B6E9-A4F6C5C3EC48}.Debug|x64.ActiveCfg = Debug|x64
		{06DA9137-BB97-3CDE-B6E9-A4F6C5C3EC48}.Debug|x64.Build.0 = Debug|x64
		{06DA9137-BB97-3CDE-B6E9-A4F6C5C3EC48}.Release|x64.ActiveCfg = Release|x64
		{06DA9137-BB97-3CDE-B6E9-A4F6C5C3EC48}.Release|x64.Build.0 = Release|x64
		{093555D9-248A-3BA2-8114-989C54837D19}.Debug|x64.ActiveCfg = Debug|x64
		{093555D9-248A-3BA2-8114-989C54837D19}.Debug|x64.Build.0 = Debug|x64
		{093555D9-248A-3BA2-8114-989C54837D19}.Release|x64.ActiveCfg = Release|x64
		{093555D9-248A-3BA2-8114-989C54837D19}.Release|x64.Build.0 = Release|x64
		{6626A7F3-8CF8-324F-ABB9-B70FB0FED5A0}.Debug|x64.ActiveCfg = Debug|x64
		{6626A7F3-8CF8-324F-ABB9-B70FB0FED5A0}.Debug|x64.Build.0 = Debug|x64
		{6626A7F3-8CF8-324F-ABB9-B70FB0FED5A0}.Release|x64.ActiveCfg = Release|x64
		{6626A7F3-8CF8-324F-ABB9-B70FB0FED5A0}.Release|x64.Build.0 = Release|x64
		{75D66719-35C0-335D-94B7-50F3995435FE}.Debug|x64.ActiveCfg = Debug|x64
		{75D66719-35C0-335D-94B7-50F3995435FE}.Debug|x64.Build.0 = Debug|x64
		{75D66719-35C0-335D-94B7-50F3995435FE}.Release|x64.ActiveCfg = Release|x64
		{75D66719-35C0-335D-94B7-50F3995435FE}.Release|x64.Build.0 = Release|x64
		{80E3128A-D103-3A92-911F-F24C761BD24B}.Debug|x64.ActiveCfg = Debug|x64
		{80E3128A-D103-3A92-911F-F24C761BD24B}.Debug|x64.Build.0 = Debug|x64
		{80E3128A-D103-3A92-911F-F24C761BD24B}.Release|x64.ActiveCfg = Release|x64
		{80E3128A-D103-3A92-911F-F24C761BD24B}.Release|x64.Build.0 = Release|x64
		{236C32C3-9D53-3651-A040-79B27CD35E86}.Debug|x64.ActiveCfg = Debug|x64
		{236C32C3-9D53-3651-A040-79B27CD35E86}.Debug|x64.Build.0 = Debug|x64
		{236C32C3-9D53-3651-A040-79B27CD35E86}.Release|x64.ActiveCfg = Release|x64
		{236C32C3-9D53-3651-A040-79B27CD35E86}.Release|x64.Build.0 = Release|x64
		{023C058C-74C5-3C37-BE28-C23B5C35C38B}.Debug|x64.ActiveCfg = Debug|x64
		{023C058C-74C5-3C37-BE28-C23B5C35C38B}.Debug|x64.Build.0 = Debug|x64
		{023C058C-74C5-3C37-BE28-C23B5C35C38B}.Release|x64.ActiveCfg = Release|x64
		{023C058C-74C5-3C37-BE28-C23B5C35C38B}.Release|x64.Build.0 = Release|x64
		{EDD4A6FE-2901-370B-BABA-92533D813778}.Debug|x64.ActiveCfg = Debug|x64
		{EDD4A6FE-2901-370B-BABA-92533D813778}.Debug|x64.Build.0 = Debug|x64
		{EDD4A6FE-2901-370B-BABA-92533D813778}.Release|x64.ActiveCfg = Release|x64
		{EDD4A6FE-2901-370B-BABA-92533D813778}.Release|x64.Build.0 = Release|x64
		{5C160BBD-3848-3DAE-8AF2-35B45B4C33BA}.Debug|x64.ActiveCfg = Debug|x64
		{5C160BBD-3848-3DAE-8AF2-35B45B4C33BA}.Debug|x64.Build.0 = Debug|x64
		{5C160BBD-3848-3DAE-8AF2-35B45B4C33BA}.Release|x64.ActiveCfg = Release|x64
		{5C160BBD-3848-3DAE-8AF2-35B45B4C33BA}.Release|x64.Build.0 = Release|x64
		{C7985DBE-7CA1-3AD7-BE03-F4D59BADD4B3}.Debug|x64.ActiveCfg = Debug|x64
		{C7985DBE-7CA1-3AD7-BE03-F4D59BADD4B3}.Debug|x64.Build.0 = Debug|x64
		{C7985DBE-7CA1-3AD7-BE03-F4D59BADD4B3}.Release|x64.ActiveCfg = Release|x64
		{C7985DBE-7CA1-3AD7-BE03-F4D59BADD4B3}.Release|x64.Build.0 = Release|x64
		{0A35FF0B-E0CB-3EB5-B8C6-D821F074B8A4}.Debug|x64.ActiveCfg = Debug|x64
		{0A35FF0B-E0CB-3EB5-B8C6-D821F074B8A4}.Debug|x64.Build.0 = Debug|x64
		{0A35FF0B-E0CB-3EB5-B8C6-D821F074B8A4}.Release|x64.ActiveCfg = Release|x64
		{0A35FF0B-E0CB-3EB5-B8C6-D821F074B8A4}.Release|x64.Build.0 = Release|x64
		{23D5E88C-1C23-3BA0-A290-043DA71CA60E}.Debug|x64.ActiveCfg = Debug|x64
		{23D5E88C-1C23-3BA0-A290-043DA71CA60E}.Debug|x64.Build.0 = Debug|x64
		{23D5E88C-1C23-3BA0-A290-043DA71CA60E}.Release|x64.ActiveCfg = Release|x64
		{23D5E88C-1C23-3BA0-A290-043DA71CA60E}.Release|x64.Build.0 = Release|x64
		{CAFCB711-9BA7-3E0E-9E44-FA53E00D5D9C}.Debug|x64.ActiveCfg = Debug|x64
		{CAFCB711-9BA7-3E0E-9E44-FA53E00D5D9C}.Debug|x64.Build.0 = Debug|x64
		{CAFCB711-9BA7-3E0E-9E44-FA53E00D5D9C}.Release|x64.ActiveCfg = Release|x64
		{CAFCB711-9BA7-3E0E-9E44-FA53E00D5D9C}.Release|x64.Build.0 = Release|x64
		{975A9550-AE8A-39D6-905D-366D131C9569}.Debug|x64.ActiveCfg = Debug|x64
		{975A9550-AE8A-39D6-905D-366D131C9569}.Debug|x64.Build.0 = Debug|x64
		{975A9550-AE8A-39D6-905D-366D131C9569}.Release|x64.ActiveCfg = Release|x64
		{975A9550-AE8A-39D6-905D-366D131C9569}.Release|x64.Build.0 = Release|x64
		{FB7DD331-DF26-3124-AE48-4E4638718A64}.Debug|x64.ActiveCfg = Debug|x64
		{FB7DD331-DF26-3124-AE48-4E4638718A64}.Debug|x64.Build.0 = Debug|x64
		{FB7DD331-DF26-3124-AE48-4E4638718A64}.Release|x64.ActiveCfg = Release|x64
		{FB7DD331-DF26-3124-AE48-4E4638718A64}.Release|x64.Build.0 = Release|x64
		{0CF02330-148C-30A6-B029-CADF4C2645B5}.Debug|x64.ActiveCfg = Debug|x64
		{0CF02330-148C-30A6-B029-CADF4C2645B5}.Debug|x64.Build.0 = Debug|x64
		{0CF02330-148C-30A6-B029-CADF4C2645B5}.Release|x64.ActiveCfg = Release|x64
		{0CF02330-148C-30A6-B029-CADF4C2645B5}.Release|x64.Build.0 = Release|x64
		{9BF95EEF-04A4-3241-AC86-D56A48EA7BB9}.Debug|x64.ActiveCfg = Debug|x64
		{9BF95EEF-04A4-3241-AC86-D56A48EA7BB9}.Debug|x64.Build.0 = Debug|x64
		{9BF95EEF-04A4-3241-AC86-D56A48EA7BB9}.Release|x64.ActiveCfg = Release|x64
		{9BF95EEF-04A4-3241-AC86-D56A48EA7BB9}.Release|x64.Build.0 = Release|x64
		{8960C527-AADA-32A7-96AA-23013EBCA3F4}.Debug|x64.ActiveCfg = Debug|x64
		{8960C527-AADA-32A7-96AA-23013EBCA3F4}.Debug|x64.Build.0 = Debug|x64
		{8960C527-AADA-32A7-96AA-23013EBCA3F4}.Release|x64.ActiveCfg = Release|x64
		{8960C527-AADA-32A7-96AA-23013EBCA3F4}.Release|x64.Build.0 = Release|x64
		{EAC27D6C-1CCF-3036-9874-48B8156CEB11}.Debug|x64.ActiveCfg = Debug|x64
		{EAC27D6C-1CCF-3036-9874-48B8156CEB11}.Debug|x64.Build.0 = Debug|x64
		{EAC27D6C-1CCF-3036-9874-48B8156CEB11}.Release|x64.ActiveCfg = Release|x64
		{EAC27D6C-1CCF-3036-9874-48B8156CEB11}.Release|x64.Build.0 = Release|x64
		{C46FEF85-FC8E-375D-9331-118D2051C316}.Debug|x64.ActiveCfg = Debug|x64
		{C46FEF85-FC8E-375D-9331-118D2051C316}.Debug|x64.Build.0 = Debug|x64
		{C46FEF85-FC8E-375D-9331-118D2051C316}.Release|x64.ActiveCfg = Release|x64
		{C46FEF85-FC8E-375D-9331-118D2051C316}.Release|x64.Build.0 = Release|x64
		{4D88FF8E-24CA-38F0-BCBC-B328EFD9D49B}.Debug|x64.ActiveCfg = Debug|x64
		{4D88FF8E-24CA-38F0-BCBC-B328EFD9D49B}.Debug|x64.Build.0 = Debug|x64
		{4D88FF8E-24CA-38F0-BCBC-B328EFD9D49B}.Release|x64.ActiveCfg = Release|x64
		{4D88FF8E-24CA-38F0-BCBC-B328EFD9D49B}.Release|x64.Build.0 = Release|x64
		{C8AC17D9-A555-3BE5-9BB8-2606C05143EC}.Debug|x64.ActiveCfg = Debug|x64
		{C8AC17D9-A555-3BE5-9BB8-2606C05143EC}.Debug|x64.Build.0 = Debug|x64
		{C8AC17D9-A555-3BE5-9BB8-2606C05143EC}.Release|x64.ActiveCfg = Release|x64
		{C8AC17D9-A555-3BE5-9BB8-2606C05143EC}.Release|x64.Build.0 = Release|x64
		{F5A2902A-20AB-3BCD-A85A-0ADBB90E89B3}.Debug|x64.ActiveCfg = Debug|x64
		{F5A2902A-20AB-3BCD-A85A-0ADBB90E89B3}.Debug|x64.Build.0 = Debug|x64
		{F5A2902A-20AB-3BCD-A85A-0ADBB90E89B3}.Release|x64.ActiveCfg = Release|x64
		{F5A2902A-20AB-3BCD-A85A-0ADBB90E89B3}.Release|x64.Build.0 = Release|x64
		{093C7294-32F7-3DCA-B7EF-0D0E4CDD5BB6}.Debug|x64.ActiveCfg = Debug|x64
		{093C7294-32F7-3DCA-B7EF-0D0E4CDD5BB6}.Debug|x64.Build.0 = Debug|x64
		{093C7294-32F7-3DCA-B7EF-0D0E4CDD5BB6}.Release|x64.ActiveCfg = Release|x64
		{093C7294-32F7-3DCA-B7EF-0D0E4CDD5BB6}.Release|x64.Build.0 = Release|x64
		{977C4080-30D6-3A29-B4CE-15CD29ED3F33}.Debug|x64.ActiveCfg = Debug|x64
		{977C4080-30D6-3A29-B4CE-15CD29ED3F33}.Debug|x64.Build.0 = Debug|x64
		{977C4080-30D6-3A29-B4CE-15CD29ED3F33}.Release|x64.ActiveCfg = Release|x64
		{977C4080-30D6-3A29-B4CE-15CD29ED3F33}.Release|x64.Build.0 = Release|x64
		{63D73B09-2BCE-3C1B-ADE5-AAD7FBDE5A95}.Debug|x64.ActiveCfg = Debug|x64
		{63D73B09-2BCE-3C1B-ADE5-AAD7FBDE5A95}.Debug|x64.Build.0 = Debug|x64
		{63D73B09-2BCE-3C1B-ADE5-AAD7FBDE5A95}.Release|x64.ActiveCfg = Release|x64
		{63D73B09-2BCE-3C1B-ADE5-AAD7FBDE5A95}.Release|x64.Build.0 = Release|x64
		{612FD1C3-26CB-341A-8432-80EB1BE417AF}.Debug|x64.ActiveCfg = Debug|x64
		{612FD1C3-26CB-341A-8432-80EB1BE417AF}.Debug|x64.Build.0 = Debug|x64
		{612FD1C3-26CB-341A-8432-80EB1BE417AF}.Release|x64.ActiveCfg = Release|x64
		{612FD1C3-26CB-341A-8432-80EB1BE417AF}.Release|x64.Build.0 = Release|x64
		{2A6F6000-0D7F-3958-892D-91D25E8B9A7F}.Debug|x64.ActiveCfg = Debug|x64
		{2A6F6000-0D7F-3958-892D-91D25E8B9A7F}.Debug|x64.Build.0 = Debug|x64
		{2A6F6000-0D7F-3958-892D-91D25E8B9A7F}.Release|x64.ActiveCfg = Release|x64
		{2A6F6000-0D7F-3958-892D-91D25E8B9A7F}.Release|x64.Build.0 = Release|x64
		{205172A7-342D-3C64-963C-FAC30139A240}.Debug|x64.ActiveCfg = Debug|x64
		{205172A7-342D-3C64-963C-FAC30139A240}.Debug|x64.Build.0 = Debug|x64
		{205172A7-342D-3C64-963C-FAC30139A240}.Release|x64.ActiveCfg = Release|x64
		{205172A7-342D-3C64-963C-FAC30139A240}.Release|x64.Build.0 = Release|x64
		{52EF335A-767B-3F92-905B-2447973514A7}.Debug|x64.ActiveCfg = Debug|x64
		{52EF335A-767B-3F92-905B-2447973514A7}.Debug|x64.Build.0 = Debug|x64
		{52EF335A-767B-3F92-905B-2447973514A7}.Release|x64.ActiveCfg = Release|x64
		{52EF335A-767B-3F92-905B-2447973514A7}.Release|x64.Build.0 = Release|x64
		{0E4208EE-44F1-3D3C-8A97-3426E7B9A250}.Debug|x64.ActiveCfg = Debug|x64
		{0E4208EE-44F1-3D3C-8A97-3426E7B9A250}.Debug|x64.Build.0 = Debug|x64
		{0E4208EE-44F1-3D3C-8A97-3426E7B9A250}.Release|x64.ActiveCfg = Release|x64
		{0E4208EE-44F1-3D3C-8A97-3426E7B9A250}.Release|x64.Build.0 = Release|x64
		{CA08B675-A363-3489-A72A-C2EBF061EEB9}.Debug|x64.ActiveCfg = Debug|x64
		{CA08B675-A363-3489-A72A-C2EBF061EEB9}.Debug|x64.Build.0 = Debug|x64
		{CA08B675-A363-3489-A72A-C2EBF061EEB9}.Release|x64.ActiveCfg = Release|x64
		{CA08B675-A363-3489-A72A-C2EBF061EEB9}.Release|x64.Build.0 = Release|x64
		{46FB10C5-58AD-3301-A0F0-5A4A77B0B6B7}.Debug|x64.ActiveCfg = Debug|x64
		{46FB10C5-58AD-3301-A0F0-5A4A77B0B6B7}.Debug|x64.Build.0 = Debug|x64
		{46FB10C5-58AD-3301-A0F0-5A4A77B0B6B7}.Release|x64.ActiveCfg = Release|x64
		{46FB10C5-58AD-3301-A0F0-5A4A77B0B6B7}.Release|x64.Build.0 = Release|x64
		{85073012-89FE-36BA-A180-A1FC7DF7F9B4}.Debug|x64.ActiveCfg = Debug|x64
		{85073012-89FE-36BA-A180-A1FC7DF7F9B4}.Debug|x64.Build.0 = Debug|x64
		{85073012-89FE-36BA-A180-A1FC7DF7F9B4}.Release|x64.ActiveCfg = Release|x64
		{85073012-89FE-36BA-A180-A1FC7DF7F9B4}.Release|x64.Build.0 = Release|x64
		{26D4F746-DD90-3E4B-B13D-A5EA6A630AEB}.Debug|x64.ActiveCfg = Debug|x64
		{26D4F746-DD90-3E4B-B13D-A5EA6A630AEB}.Debug|x64.Build.0 = Debug|x64
		{26D4F746-DD90-3E4B-B13D-A5EA6A630AEB}.Release|x64.ActiveCfg = Release|x64
		{26D4F746-DD90-3E4B-B13D-A5EA6A630AEB}.Release|x64.Build.0 = Release|x64
		{833B3783-67EA-32C4-B169-FE2D89CF8FA9}.Debug|x64.ActiveCfg = Debug|x64
		{833B3783-67EA-32C4-B169-FE2D89CF8FA9}.Debug|x64.Build.0 = Debug|x64
		{833B3783-67EA-32C4-B169-FE2D89CF8FA9}.Release|x64.ActiveCfg = Release|x64
		{833B3783-67EA-32C4-B169-FE2D89CF8FA9}.Release|x64.Build.0 = Release|x64
		{49D7E4B0-1E9C-3A82-BBC9-5CF640F4E0C2}.Debug|x64.ActiveCfg = Debug|x64
		{49D7E4B0-1E9C-3A82-BBC9-5CF640F4E0C2}.Debug|x64.Build.0 = Debug|x64
		{49D7E4B0-1E9C-3A82-BBC9-5CF640F4E0C2}.Release|x64.ActiveCfg = Release|x64
		{49D7E4B0-1E9C-3A82-BBC9-5CF640F4E0C2}.Release|x64.Build.0 = Release|x64
		{64D3A6F6-6196-32E8-B952-BDFFC2E12706}.Debug|x64.ActiveCfg = Debug|x64
		{64D3A6F6-6196-32E8-B952-BDFFC2E12706}.Debug|x64.Build.0 = Debug|x64
		{64D3A6F6-6196-32E8-B952-BDFFC2E12706}.Release|x64.ActiveCfg = Release|x64
		{64D3A6F6-6196-32E8-B952-BDFFC2E12706}.Release|x64.Build.0 = Release|x64
		{77F382C7-0212-3ED8-AAEA-83E3FC6C9C02}.Debug|x64.ActiveCfg = Debug|x64
		{77F382C7-0212-3ED8-AAEA-83E3FC6C9C02}.Debug|x64.Build.0 = Debug|x64
		{77F382C7-0212-3ED8-AAEA-83E3FC6C9C02}.Release|x64.ActiveCfg = Release|x64
		{77F382C7-0212-3ED8-AAEA-83E3FC6C9C02}.Release|x64.Build.0 = Release|x64
		{4D11C1AE-BCCD-3DAA-BE31-022171B3F71B}.Debug|x64.ActiveCfg = Debug|x64
		{4D11C1AE-BCCD-3DAA-BE31-022171B3F71B}.Debug|x64.Build.0 = Debug|x64
		{4D11C1AE-BCCD-3DAA-BE31-022171B3F71B}.Release|x64.ActiveCfg = Release|x64
		{4D11C1AE-BCCD-3DAA-BE31-022171B3F71B}.Release|x64.Build.0 = Release|x64
		{D3499EBA-5E51-30FE-93CB-5E55924D0459}.Debug|x64.ActiveCfg = Debug|x64
		{D3499EBA-5E51-30FE-93CB-5E55924D0459}.Debug|x64.Build.0 = Debug|x64
		{D3499EBA-5E51-30FE-93CB-5E55924D0459}.Release|x64.ActiveCfg = Release|x64
		{D3499EBA-5E51-30FE-93CB-5E55924D0459}.Release|x64.Build.0 = Release|x64
		{D23AD2B2-E8FE-3710-A4DE-D1C1BE942E8D}.Debug|x64.ActiveCfg = Debug|x64
		{D23AD2B2-E8FE-3710-A4DE-D1C1BE942E8D}.Debug|x64.Build.0 = Debug|x64
		{D23AD2B2-E8FE-3710-A4DE-D1C1BE942E8D}.Release|x64.ActiveCfg = Release|x64
		{D23AD2B2-E8FE-3710-A4DE-D1C1BE942E8D}.Release|x64.Build.0 = Release|x64
		{9E058FFF-1E73-350D-9616-D423CFE34CC7}.Debug|x64.ActiveCfg = Debug|x64
		{9E058FFF-1E73-350D-9616-D423CFE34CC7}.Debug|x64.Build.0 = Debug|x64
		{9E058FFF-1E73-350D-9616-D423CFE34CC7}.Release|x64.ActiveCfg = Release|x64
		{9E058FFF-1E73-350D-9616-D423CFE34CC7}.Release|x64.Build.0 = Release|x64
		{A189ABD3-0077-3CF6-ACEC-6A4D5D95D72E}.Debug|x64.ActiveCfg = Debug|x64
		{A189ABD3-0077-3CF6-ACEC-6A4D5D95D72E}.Debug|x64.Build.0 = Debug|x64
		{A189ABD3-0077-3CF6-ACEC-6A4D5D95D72E}.Release|x64.ActiveCfg = Release|x64
		{A189ABD3-0077-3CF6-ACEC-6A4D5D95D72E}.Release|x64.Build.0 = Release|x64
		{F335F685-B4C2-3350-8C58-49AAD2B1E1B8}.Debug|x64.ActiveCfg = Debug|x64
		{F335F685-B4C2-3350-8C58-49AAD2B1E1B8}.Debug|x64.Build.0 = Debug|x64
		{F335F685-B4C2-3350-8C58-49AAD2B1E1B8}.Release|x64.ActiveCfg = Release|x64
		{F335F685-B4C2-3350-8C58-49AAD2B1E1B8}.Release|x64.Build.0 = Release|x64
		{418ADBCB-EB88-353B-9AEA-BF71E19C7DAF}.Debug|x64.ActiveCfg = Debug|x64
		{418ADBCB-EB88-353B-9AEA-BF71E19C7DAF}.Debug|x64.Build.0 = Debug|x64
		{418ADBCB-EB88-353B-9AEA-BF71E19C7DAF}.Release|x64.ActiveCfg = Release|x64
		{418ADBCB-EB88-353B-9AEA-BF71E19C7DAF}.Release|x64.Build.0 = Release|x64
		{E8C40944-54FD-37FC-BC2D-9584429B3DC0}.Debug|x64.ActiveCfg = Debug|x64
		{E8C40944-54FD-37FC-BC2D-9584429B3DC0}.Debug|x64.Build.0 = Debug|x64
		{E8C40944-54FD-37FC-BC2D-9584429B3DC0}.Release|x64.ActiveCfg = Release|x64
		{E8C40944-54FD-37FC-BC2D-9584429B3DC0}.Release|x64.Build.0 = Release|x64
		{805840ED-880B-3E6E-B284-09EF12D5C3FA}.Debug|x64.ActiveCfg = Debug|x64
		{805840ED-880B-3E6E-B284-09EF12D5C3FA}.Debug|x64.Build.0 = Debug|x64
		{805840ED-880B-3E6E-B284-09EF12D5C3FA}.Release|x64.ActiveCfg = Release|x64
		{805840ED-880B-3E6E-B284-09EF12D5C3FA}.Release|x64.Build.0 = Release|x64
		{1B89578C-C052-34AA-BAC9-EFFA3E7B0A1A}.Debug|x64.ActiveCfg = Debug|x64
		{1B89578C-C052-34AA-BAC9-EFFA3E7B0A1A}.Debug|x64.Build.0 = Debug|x64
		{1B89578C-C052-34AA-BAC9-EFFA3E7B0A1A}.Release|x64.ActiveCfg = Release|x64
		{1B89578C-C052-34AA-BAC9-EFFA3E7B0A1A}.Release|x64.Build.0 = Release|x64
		{76875BC3-C25F-3AEB-8896-39FB8F6E2F23}.Debug|x64.ActiveCfg = Debug|x64
		{76875BC3-C25F-3AEB-8896-39FB8F6E2F23}.Debug|x64.Build.0 = Debug|x64
		{76875BC3-C25F-3AEB-8896-39FB8F6E2F23}.Release|x64.ActiveCfg = Release|x64
		{76875BC3-C25F-3AEB-8896-39FB8F6E2F23}.Release|x64.Build.0 = Release|x64
		{40B53F16-740C-3645-9DFF-7AE40067DD44}.Debug|x64.ActiveCfg = Debug|x64
		{40B53F16-740C-3645-9DFF-7AE40067DD44}.Debug|x64.Build.0 = Debug|x64
		{40B53F16-740C-3645-9DFF-7AE40067DD44}.Release|x64.ActiveCfg = Release|x64
		{40B53F16-740C-3645-9DFF-7AE40067DD44}.Release|x64.Build.0 = Release|x64
		{E3569F57-317B-3850-9B3F-BE2E76694F92}.Debug|x64.ActiveCfg = Debug|x64
		{E3569F57-317B-3850-9B3F-BE2E76694F92}.Debug|x64.Build.0 = Debug|x64
		{E3569F57-317B-3850-9B3F-BE2E76694F92}.Release|x64.ActiveCfg = Release|x64
		{E3569F57-317B-3850-9B3F-BE2E76694F92}.Release|x64.Build.0 = Release|x64
		{97DACCD9-3A28-337A-B138-AD75DDE0A3A4}.Debug|x64.ActiveCfg = Debug|x64
		{97DACCD9-3A28-337A-B138-AD75DDE0A3A4}.Debug|x64.Build.0 = Debug|x64
		{97DACCD9-3A28-337A-B138-AD75DDE0A3A4}.Release|x64.ActiveCfg = Release|x64
		{97DACCD9-3A28-337A-B138-AD75DDE0A3A4}.Release|x64.Build.0 = Release|x64
		{3AC29D00-E914-34B0-B30F-2EF2BFF8C260}.Debug|x64.ActiveCfg = Debug|x64
		{3AC29D00-E914-34B0-B30F-2EF2BFF8C260}.Debug|x64.Build.0 = Debug|x64
		{3AC29D00-E914-34B0-B30F-2EF2BFF8C260}.Release|x64.ActiveCfg = Release|x64
		{3AC29D00-E914-34B0-B30F-2EF2BFF8C260}.Release|x64.Build.0 = Release|x64
		{066DE742-438E-31BF-9780-F458B9ADDCD2}.Debug|x64.ActiveCfg = Debug|x64
		{066DE742-438E-31BF-9780-F458B9ADDCD2}.Debug|x64.Build.0 = Debug|x64
		{066DE742-438E-31BF-9780-F458B9ADDCD2}.Release|x64.ActiveCfg = Release|x64
		{066DE742-438E-31BF-9780-F458B9ADDCD2}.Release|x64.Build.0 = Release|x64
		{35C5B7D9-BAAA-36E9-8115-25AF64D4F35B}.Debug|x64.ActiveCfg = Debug|x64
		{35C5B7D9-BAAA-36E9-8115-25AF64D4F35B}.Debug|x64.Build.0 = Debug|x64
		{35C5B7D9-BAAA-36E9-8115-25AF64D4F35B}.Release|x64.ActiveCfg = Release|x64
		{35C5B7D9-BAAA-36E9-8115-25AF64D4F35B}.Release|x64.Build.0 = Release|x64
		{0EE63419-28EA-3288-9C88-984A0EEF9705}.Debug|x64.ActiveCfg = Debug|x64
		{0EE63419-28EA-3288-9C88-984A0EEF9705}.Debug|x64.Build.0 = Debug|x64
		{0EE63419-28EA-3288-9C88-984A0EEF9705}.Release|x64.ActiveCfg = Release|x64
		{0EE63419-28EA-3288-9C88-984A0EEF9705}.Release|x64.Build.0 = Release|x64
		{FF90E7BE-3257-3CAF-8F88-6E6C167EFB9A}.Debug|x64.ActiveCfg = Debug|x64
		{FF90E7BE-3257-3CAF-8F88-6E6C167EFB9A}.Debug|x64.Build.0 = Debug|x64
		{FF90E7BE-3257-3CAF-8F88-6E6C167EFB9A}.Release|x64.ActiveCfg = Release|x64
		{FF90E7BE-3257-3CAF-8F88-6E6C167EFB9A}.Release|x64.Build.0 = Release|x64
		{FA4CF6F2-375D-3B65-B038-1DDB00E328DD}.Debug|x64.ActiveCfg = Debug|x64
		{FA4CF6F2-375D-3B65-B038-1DDB00E328DD}.Debug|x64.Build.0 = Debug|x64
		{FA4CF6F2-375D-3B65-B038-1DDB00E328DD}.Release|x64.ActiveCfg = Release|x64
		{FA4CF6F2-375D-3B65-B038-1DDB00E328DD}.Release|x64.Build.0 = Release|x64
		{A124BF2F-860F-3A14-A0AA-FC3580C2CC3F}.Debug|x64.ActiveCfg = Debug|x64
		{A124BF2F-860F-3A14-A0AA-FC3580C2CC3F}.Debug|x64.Build.0 = Debug|x64
		{A124BF2F-860F-3A14-A0AA-FC3580C2CC3F}.Release|x64.ActiveCfg = Release|x64
		{A124BF2F-860F-3A14-A0AA-FC3580C2CC3F}.Release|x64.Build.0 = Release|x64
		{48D1472B-40B1-300F-B589-57103C062A88}.Debug|x64.ActiveCfg = Debug|x64
		{48D1472B-40B1-300F-B589-57103C062A88}.Debug|x64.Build.0 = Debug|x64
		{48D1472B-40B1-300F-B589-57103C062A88}.Release|x64.ActiveCfg = Release|x64
		{48D1472B-40B1-300F-B589-57103C062A88}.Release|x64.Build.0 = Release|x64
		{75DC0D15-6091-3FFB-98C8-7D36F4471F12}.Debug|x64.ActiveCfg = Debug|x64
		{75DC0D15-6091-3FFB-98C8-7D36F4471F12}.Debug|x64.Build.0 = Debug|x64
		{75DC0D15-6091-3FFB-98C8-7D36F4471F12}.Release|x64.ActiveCfg = Release|x64
		{75DC0D15-6091-3FFB-98C8-7D36F4471F12}.Release|x64.Build.0 = Release|x64
		{40C5C0EF-0F64-3661-A41D-4F9BA6A1A463}.Debug|x64.ActiveCfg = Debug|x64
		{40C5C0EF-0F64-3661-A41D-4F9BA6A1A463}.Debug|x64.Build.0 = Debug|x64
		{40C5C0EF-0F64-3661-A41D-4F9BA6A1A463}.Release|x64.ActiveCfg = Release|x64
		{40C5C0EF-0F64-3661-A41D-4F9BA6A1A463}.Release|x64.Build.0 = Release|x64
		{8548A20F-EDC5-3D8C-8D21-37655ABC8DDE}.Debug|x64.ActiveCfg = Debug|x64
		{8548A20F-EDC5-3D8C-8D21-37655ABC8DDE}.Debug|x64.Build.0 = Debug|x64
		{8548A20F-EDC5-3D8C-8D21-37655ABC8DDE}.Release|x64.ActiveCfg = Release|x64
		{8548A20F-EDC5-3D8C-8D21-37655ABC8DDE}.Release|x64.Build.0 = Release|x64
		{6B6CF237-BF22-3E2A-9212-6977D2DF404E}.Debug|x64.ActiveCfg = Debug|x64
		{6B6CF237-BF22-3E2A-9212-6977D2DF404E}.Debug|x64.Build.0 = Debug|x64
		{6B6CF237-BF22-3E2A-9212-6977D2DF404E}.Release|x64.ActiveCfg = Release|x64
		{6B6CF237-BF22-3E2A-9212-6977D2DF404E}.Release|x64.Build.0 = Release|x64
		{4525E3F5-6E4A-3A7A-9F6D-9C6345D534D8}.Debug|x64.ActiveCfg = Debug|x64
		{4525E3F5-6E4A-3A7A-9F6D-9C6345D534D8}.Debug|x64.Build.0 = Debug|x64
		{4525E3F5-6E4A-3A7A-9F6D-9C6345D534D8}.Release|x64.ActiveCfg = Release|x64
		{4525E3F5-6E4A-3A7A-9F6D-9C6345D534D8}.Release|x64.Build.0 = Release|x64
		{A1FB1183-5F42-30DC-AE98-7D699306A2BB}.Debug|x64.ActiveCfg = Debug|x64
		{A1FB1183-5F42-30DC-AE98-7D699306A2BB}.Debug|x64.Build.0 = Debug|x64
		{A1FB1183-5F42-30DC-AE98-7D699306A2BB}.Release|x64.ActiveCfg = Release|x64
		{A1FB1183-5F42-30DC-AE98-7D699306A2BB}.Release|x64.Build.0 = Release|x64
		{CF59FF88-769A-33BE-9E1B-D2AEAA3346F6}.Debug|x64.ActiveCfg = Debug|x64
		{CF59FF88-769A-33BE-9E1B-D2AEAA3346F6}.Debug|x64.Build.0 = Debug|x64
		{CF59FF88-769A-33BE-9E1B-D2AEAA3346F6}.Release|x64.ActiveCfg = Release|x64
		{CF59FF88-769A-33BE-9E1B-D2AEAA3346F6}.Release|x64.Build.0 = Release|x64
		{10266A9C-1D54-39EC-A11B-4E22FB3AA8C7}.Debug|x64.ActiveCfg = Debug|x64
		{10266A9C-1D54-39EC-A11B-4E22FB3AA8C7}.Debug|x64.Build.0 = Debug|x64
		{10266A9C-1D54-39EC-A11B-4E22FB3AA8C7}.Release|x64.ActiveCfg = Release|x64
		{10266A9C-1D54-39EC-A11B-4E22FB3AA8C7}.Release|x64.Build.0 = Release|x64
		{C4C4C227-01C3-3402-9EB5-2667F169A2A1}.Debug|x64.ActiveCfg = Debug|x64
		{C4C4C227-01C3-3402-9EB5-2667F169A2A1}.Debug|x64.Build.0 = Debug|x64
		{C4C4C227-01C3-3402-9EB5-2667F169A2A1}.Release|x64.ActiveCfg = Release|x64
		{C4C4C227-01C3-3402-9EB5-2667F169A2A1}.Release|x64.Build.0 = Release|x64
	EndGlobalSection
	GlobalSection(SolutionProperties) = preSolution
		HideSolutionNode = FALSE
	EndGlobalSection
	GlobalSection(ExtensibilityGlobals) = postSolution
		Qt5Version = Qt5.8.0
	EndGlobalSection
EndGlobal
